$ANSIBLE_VAULT;1.1;AES256
34626237316434653437616535303364666463653535396336343065356237613132303462326530
6433323831313336366265356439623637613530333261340a636466623832356438363763323437
62383234343161373064663632353966386461376266376366346365666162343665363733333166
3536666533343532650a616362323230313165366230326663646433623432306239623439373232
32646662353065336236336166653363346537323761626266643865646463646131
